{
  "name": "PrjSpring-main",
  "lockfileVersion": 2,
  "requires": true,
  "packages": {
    "": {
      "dependencies": {
        "flexlayout": "^1.0.6"
      }
    },
    "node_modules/classnames": {
      "version": "2.3.2",
      "resolved": "https://registry.npmjs.org/classnames/-/classnames-2.3.2.tgz",
      "integrity": "sha512-CSbhY4cFEJRe6/GQzIk5qXZ4Jeg5pcsP7b5peFSDpffpe1cqjASH/n9UTjBwOp6XpMSTwQ8Za2K5V02ueA7Tmw=="
    },
    "node_modules/flexlayout": {
      "version": "1.0.6",
      "resolved": "https://registry.npmjs.org/flexlayout/-/flexlayout-1.0.6.tgz",
      "integrity": "sha512-QkNCMQkh4NWMMktKG8XFwQ8INHj0UnsPQqUkZu938MzXGFIi/kKdVb9GZiz/c0IU8J4C5CkyYIbF7GtqOG+KOA==",
      "dependencies": {
        "classnames": "^2.2.5",
        "jquery": "^2.2.4",
        "lodash": "^4.14.0"
      }
    },
    "node_modules/jquery": {
      "version": "2.2.4",
      "resolved": "https://registry.npmjs.org/jquery/-/jquery-2.2.4.tgz",
      "integrity": "sha512-lBHj60ezci2u1v2FqnZIraShGgEXq35qCzMv4lITyHGppTnA13rwR0MgwyNJh9TnDs3aXUvd1xjAotfraMHX/Q=="
    },
    "node_modules/lodash": {
      "version": "4.17.21",
      "resolved": "https://registry.npmjs.org/lodash/-/lodash-4.17.21.tgz",
      "integrity": "sha512-v2kDEe57lecTulaDIuNTPy3Ry4gLGJ6Z1O3vE1krgXZNrsQ+LFTGHVxVjcXPs17LhbZVGedAJv8XZ1tvj5FvSg=="
    }
  },
  "dependencies": {
    "classnames": {
      "version": "2.3.2",
      "resolved": "https://registry.npmjs.org/classnames/-/classnames-2.3.2.tgz",
      "integrity": "sha512-CSbhY4cFEJRe6/GQzIk5qXZ4Jeg5pcsP7b5peFSDpffpe1cqjASH/n9UTjBwOp6XpMSTwQ8Za2K5V02ueA7Tmw=="
    },
    "flexlayout": {
      "version": "1.0.6",
      "resolved": "https://registry.npmjs.org/flexlayout/-/flexlayout-1.0.6.tgz",
      "integrity": "sha512-QkNCMQkh4NWMMktKG8XFwQ8INHj0UnsPQqUkZu938MzXGFIi/kKdVb9GZiz/c0IU8J4C5CkyYIbF7GtqOG+KOA==",
      "requires": {
        "classnames": "^2.2.5",
        "jquery": "^2.2.4",
        "lodash": "^4.14.0"
      }
    },
    "jquery": {
      "version": "2.2.4",
      "resolved": "https://registry.npmjs.org/jquery/-/jquery-2.2.4.tgz",
      "integrity": "sha512-lBHj60ezci2u1v2FqnZIraShGgEXq35qCzMv4lITyHGppTnA13rwR0MgwyNJh9TnDs3aXUvd1xjAotfraMHX/Q=="
    },
    "lodash": {
      "version": "4.17.21",
      "resolved": "https://registry.npmjs.org/lodash/-/lodash-4.17.21.tgz",
      "integrity": "sha512-v2kDEe57lecTulaDIuNTPy3Ry4gLGJ6Z1O3vE1krgXZNrsQ+LFTGHVxVjcXPs17LhbZVGedAJv8XZ1tvj5FvSg=="
    }
  }
}
